
Microsoft Visual Studio Solution File, Format Version 12.00
# Visual Studio 2013
VisualStudioVersion = 12.0.30501.0
MinimumVisualStudioVersion = 10.0.40219.1
Project("{FAE04EC0-301F-11D3-BF4B-00C04F79EFBC}") = "MVCToAzure", "MVCToAzure\MVCToAzure.csproj", "{21768AB5-48F5-419E-B9D0-B0A2EA4F9509}"
EndProject
Global
	GlobalSection(SolutionConfigurationPlatforms) = preSolution
		Debug|Any CPU = Debug|Any CPU
		Release|Any CPU = Release|Any CPU
	EndGlobalSection
	GlobalSection(ProjectConfigurationPlatforms) = postSolution
		{21768AB5-48F5-419E-B9D0-B0A2EA4F9509}.Debug|Any CPU.ActiveCfg = Debug|Any CPU
		{21768AB5-48F5-419E-B9D0-B0A2EA4F9509}.Debug|Any CPU.Build.0 = Debug|Any CPU
		{21768AB5-48F5-419E-B9D0-B0A2EA4F9509}.Release|Any CPU.ActiveCfg = Release|Any CPU
		{21768AB5-48F5-419E-B9D0-B0A2EA4F9509}.Release|Any CPU.Build.0 = Release|Any CPU
	EndGlobalSection
	GlobalSection(SolutionProperties) = preSolution
		HideSolutionNode = FALSE
	EndGlobalSection
EndGlobal
